
Microsoft Visual Studio Solution File, Format Version 12.00
# Visual Studio Version 16
VisualStudioVersion = 16.0.30804.86
MinimumVisualStudioVersion = 10.0.40219.1
Project("{FAE04EC0-301F-11D3-BF4B-00C04F79EFBC}") = "MemoryMatch", "MemoryMatch.csproj", "{BE5D3736-939A-45F3-9300-4368F8B818D1}"
EndProject
Project("{9A19103F-16F7-4668-BE54-9A1E7A4F7556}") = "Nez", "..\..\..\Downloads\Nez-master\Nez-master\Nez.Portable\Nez.csproj", "{2B1591DC-255D-4B3B-8D1F-7312B5F5484F}"
EndProject
Global
	GlobalSection(SolutionConfigurationPlatforms) = preSolution
		Debug|Any CPU = Debug|Any CPU
		Release|Any CPU = Release|Any CPU
	EndGlobalSection
	GlobalSection(ProjectConfigurationPlatforms) = postSolution
		{BE5D3736-939A-45F3-9300-4368F8B818D1}.Debug|Any CPU.ActiveCfg = Debug|Any CPU
		{BE5D3736-939A-45F3-9300-4368F8B818D1}.Debug|Any CPU.Build.0 = Debug|Any CPU
		{BE5D3736-939A-45F3-9300-4368F8B818D1}.Release|Any CPU.ActiveCfg = Release|Any CPU
		{BE5D3736-939A-45F3-9300-4368F8B818D1}.Release|Any CPU.Build.0 = Release|Any CPU
		{2B1591DC-255D-4B3B-8D1F-7312B5F5484F}.Debug|Any CPU.ActiveCfg = Debug|Any CPU
		{2B1591DC-255D-4B3B-8D1F-7312B5F5484F}.Debug|Any CPU.Build.0 = Debug|Any CPU
		{2B1591DC-255D-4B3B-8D1F-7312B5F5484F}.Release|Any CPU.ActiveCfg = Release|Any CPU
		{2B1591DC-255D-4B3B-8D1F-7312B5F5484F}.Release|Any CPU.Build.0 = Release|Any CPU
	EndGlobalSection
	GlobalSection(SolutionProperties) = preSolution
		HideSolutionNode = FALSE
	EndGlobalSection
	GlobalSection(ExtensibilityGlobals) = postSolution
		SolutionGuid = {CC9F1A82-8759-4EF0-9C24-C3341D9AA3F4}
	EndGlobalSection
EndGlobal
